
Microsoft Visual Studio Solution File, Format Version 12.00
# Visual Studio Version 16
VisualStudioVersion = 16.0.32002.261
MinimumVisualStudioVersion = 10.0.40219.1
Project("{FAE04EC0-301F-11D3-BF4B-00C04F79EFBC}") = "CD_Serial", "CD_Serial\CD_Serial.csproj", "{B6004867-814B-48EC-BA73-3DDDA19611EF}"
EndProject
Global
	GlobalSection(SolutionConfigurationPlatforms) = preSolution
		Debug|Any CPU = Debug|Any CPU
		Release|Any CPU = Release|Any CPU
	EndGlobalSection
	GlobalSection(ProjectConfigurationPlatforms) = postSolution
		{B6004867-814B-48EC-BA73-3DDDA19611EF}.Debug|Any CPU.ActiveCfg = Debug|Any CPU
		{B6004867-814B-48EC-BA73-3DDDA19611EF}.Debug|Any CPU.Build.0 = Debug|Any CPU
		{B6004867-814B-48EC-BA73-3DDDA19611EF}.Release|Any CPU.ActiveCfg = Release|Any CPU
		{B6004867-814B-48EC-BA73-3DDDA19611EF}.Release|Any CPU.Build.0 = Release|Any CPU
	EndGlobalSection
	GlobalSection(SolutionProperties) = preSolution
		HideSolutionNode = FALSE
	EndGlobalSection
	GlobalSection(ExtensibilityGlobals) = postSolution
		SolutionGuid = {B6C2F707-5649-418D-8528-0B950F547317}
	EndGlobalSection
EndGlobal
